
Microsoft Visual Studio Solution File, Format Version 12.00
# Visual Studio Version 17
VisualStudioVersion = 17.7.34202.233
MinimumVisualStudioVersion = 10.0.40219.1
Project("{FAE04EC0-301F-11D3-BF4B-00C04F79EFBC}") = "Collection", "Collection\Collection.csproj", "{DADA3541-B5D9-4AA2-B542-71D8EF8F466F}"
EndProject
Global
	GlobalSection(SolutionConfigurationPlatforms) = preSolution
		Debug|Any CPU = Debug|Any CPU
		Release|Any CPU = Release|Any CPU
	EndGlobalSection
	GlobalSection(ProjectConfigurationPlatforms) = postSolution
		{DADA3541-B5D9-4AA2-B542-71D8EF8F466F}.Debug|Any CPU.ActiveCfg = Debug|Any CPU
		{DADA3541-B5D9-4AA2-B542-71D8EF8F466F}.Debug|Any CPU.Build.0 = Debug|Any CPU
		{DADA3541-B5D9-4AA2-B542-71D8EF8F466F}.Release|Any CPU.ActiveCfg = Release|Any CPU
		{DADA3541-B5D9-4AA2-B542-71D8EF8F466F}.Release|Any CPU.Build.0 = Release|Any CPU
	EndGlobalSection
	GlobalSection(SolutionProperties) = preSolution
		HideSolutionNode = FALSE
	EndGlobalSection
	GlobalSection(ExtensibilityGlobals) = postSolution
		SolutionGuid = {C71A7F83-A4F0-408F-9402-E386E0A6B0FA}
	EndGlobalSection
EndGlobal
